
Microsoft Visual Studio Solution File, Format Version 12.00
# Visual Studio 15
VisualStudioVersion = 15.0.27130.2024
MinimumVisualStudioVersion = 10.0.40219.1
Project("{2150E333-8FDC-42A3-9474-1A3956D46DE8}") = "Framework", "Framework", "{0846CECA-CB2F-44E6-96CB-F3DAEB5AE2BC}"
EndProject
Project("{9A19103F-16F7-4668-BE54-9A1E7A4F7556}") = "DS.Framework.Repository.Pattern", "..\Framework\DS.Framework.Repository\DS.Framework.Repository.Pattern.csproj", "{EEE1F3D3-6491-48CF-9826-637AE538CF01}"
EndProject
Project("{9A19103F-16F7-4668-BE54-9A1E7A4F7556}") = "DS.Framework.Repository.Pattern.MySQL", "..\Framework\DS.Framework.Repository.Pattern.MySQL\DS.Framework.Repository.Pattern.MySQL.csproj", "{CA27429D-B720-44B5-9806-6382EBFB9B3D}"
EndProject
Project("{9A19103F-16F7-4668-BE54-9A1E7A4F7556}") = "DS.Framework.Service.Pattern", "..\Framework\DS.Framework.Service\DS.Framework.Service.Pattern.csproj", "{BCA31C16-3E1B-4719-929F-C0F864C92D9F}"
EndProject
Project("{2150E333-8FDC-42A3-9474-1A3956D46DE8}") = "Libraries", "Libraries", "{79EC8CD8-9CB1-48BD-9C25-9CC8243FD864}"
EndProject
Project("{9A19103F-16F7-4668-BE54-9A1E7A4F7556}") = "DS.Core", "..\Libraries\DS.Core\DS.Core.csproj", "{0870CE27-F4B6-4B36-8F76-D0C6DD9EE4E1}"
EndProject
Project("{9A19103F-16F7-4668-BE54-9A1E7A4F7556}") = "DS.Data", "..\Libraries\DS.Data\DS.Data.csproj", "{7D773D57-9EA1-4DA2-83DB-CE079BF65A72}"
EndProject
Project("{9A19103F-16F7-4668-BE54-9A1E7A4F7556}") = "DS.Domain", "..\Libraries\DS.Domain\DS.Domain.csproj", "{2DFA697D-4297-462C-BEB1-85D9B405A7AC}"
EndProject
Project("{9A19103F-16F7-4668-BE54-9A1E7A4F7556}") = "DS.Repository", "..\Libraries\DS.Repository\DS.Repository.csproj", "{86A17762-E565-45A1-A33D-DF585C986427}"
EndProject
Project("{9A19103F-16F7-4668-BE54-9A1E7A4F7556}") = "DS.Services", "..\Libraries\DS.Service\DS.Services.csproj", "{FC359983-C019-4848-BF9E-E34D078F5014}"
EndProject
Project("{2150E333-8FDC-42A3-9474-1A3956D46DE8}") = "Presentation", "Presentation", "{54F6C4D7-17DE-4DB2-B492-BF49144E4B7A}"
EndProject
Project("{9A19103F-16F7-4668-BE54-9A1E7A4F7556}") = "DS.Web", "..\Presentation\DS.Web\DS.Web.csproj", "{956E2F4B-B6CD-41EE-A171-D8F53772DC1A}"
EndProject
Project("{9A19103F-16F7-4668-BE54-9A1E7A4F7556}") = "DS.Web.Framework", "..\Presentation\DS.Web.Framework\DS.Web.Framework.csproj", "{49F141E4-7748-493B-8CE5-4A17464E06C4}"
EndProject
Project("{2150E333-8FDC-42A3-9474-1A3956D46DE8}") = "Plugins", "Plugins", "{47539641-18D4-4B54-814C-F120C6C6014D}"
EndProject
Project("{9A19103F-16F7-4668-BE54-9A1E7A4F7556}") = "DS.Plugin.Test", "..\Plugins\DS.Plugin.Test\DS.Plugin.Test.csproj", "{0F8D4ADF-F1B2-43B9-8645-1CE7DB6F9CCF}"
EndProject
Global
	GlobalSection(SolutionConfigurationPlatforms) = preSolution
		Debug|Any CPU = Debug|Any CPU
		Release|Any CPU = Release|Any CPU
	EndGlobalSection
	GlobalSection(ProjectConfigurationPlatforms) = postSolution
		{EEE1F3D3-6491-48CF-9826-637AE538CF01}.Debug|Any CPU.ActiveCfg = Debug|Any CPU
		{EEE1F3D3-6491-48CF-9826-637AE538CF01}.Debug|Any CPU.Build.0 = Debug|Any CPU
		{EEE1F3D3-6491-48CF-9826-637AE538CF01}.Release|Any CPU.ActiveCfg = Release|Any CPU
		{EEE1F3D3-6491-48CF-9826-637AE538CF01}.Release|Any CPU.Build.0 = Release|Any CPU
		{CA27429D-B720-44B5-9806-6382EBFB9B3D}.Debug|Any CPU.ActiveCfg = Debug|Any CPU
		{CA27429D-B720-44B5-9806-6382EBFB9B3D}.Debug|Any CPU.Build.0 = Debug|Any CPU
		{CA27429D-B720-44B5-9806-6382EBFB9B3D}.Release|Any CPU.ActiveCfg = Release|Any CPU
		{CA27429D-B720-44B5-9806-6382EBFB9B3D}.Release|Any CPU.Build.0 = Release|Any CPU
		{BCA31C16-3E1B-4719-929F-C0F864C92D9F}.Debug|Any CPU.ActiveCfg = Debug|Any CPU
		{BCA31C16-3E1B-4719-929F-C0F864C92D9F}.Debug|Any CPU.Build.0 = Debug|Any CPU
		{BCA31C16-3E1B-4719-929F-C0F864C92D9F}.Release|Any CPU.ActiveCfg = Release|Any CPU
		{BCA31C16-3E1B-4719-929F-C0F864C92D9F}.Release|Any CPU.Build.0 = Release|Any CPU
		{0870CE27-F4B6-4B36-8F76-D0C6DD9EE4E1}.Debug|Any CPU.ActiveCfg = Debug|Any CPU
		{0870CE27-F4B6-4B36-8F76-D0C6DD9EE4E1}.Debug|Any CPU.Build.0 = Debug|Any CPU
		{0870CE27-F4B6-4B36-8F76-D0C6DD9EE4E1}.Release|Any CPU.ActiveCfg = Release|Any CPU
		{0870CE27-F4B6-4B36-8F76-D0C6DD9EE4E1}.Release|Any CPU.Build.0 = Release|Any CPU
		{7D773D57-9EA1-4DA2-83DB-CE079BF65A72}.Debug|Any CPU.ActiveCfg = Debug|Any CPU
		{7D773D57-9EA1-4DA2-83DB-CE079BF65A72}.Debug|Any CPU.Build.0 = Debug|Any CPU
		{7D773D57-9EA1-4DA2-83DB-CE079BF65A72}.Release|Any CPU.ActiveCfg = Release|Any CPU
		{7D773D57-9EA1-4DA2-83DB-CE079BF65A72}.Release|Any CPU.Build.0 = Release|Any CPU
		{2DFA697D-4297-462C-BEB1-85D9B405A7AC}.Debug|Any CPU.ActiveCfg = Debug|Any CPU
		{2DFA697D-4297-462C-BEB1-85D9B405A7AC}.Debug|Any CPU.Build.0 = Debug|Any CPU
		{2DFA697D-4297-462C-BEB1-85D9B405A7AC}.Release|Any CPU.ActiveCfg = Release|Any CPU
		{2DFA697D-4297-462C-BEB1-85D9B405A7AC}.Release|Any CPU.Build.0 = Release|Any CPU
		{86A17762-E565-45A1-A33D-DF585C986427}.Debug|Any CPU.ActiveCfg = Debug|Any CPU
		{86A17762-E565-45A1-A33D-DF585C986427}.Debug|Any CPU.Build.0 = Debug|Any CPU
		{86A17762-E565-45A1-A33D-DF585C986427}.Release|Any CPU.ActiveCfg = Release|Any CPU
		{86A17762-E565-45A1-A33D-DF585C986427}.Release|Any CPU.Build.0 = Release|Any CPU
		{FC359983-C019-4848-BF9E-E34D078F5014}.Debug|Any CPU.ActiveCfg = Debug|Any CPU
		{FC359983-C019-4848-BF9E-E34D078F5014}.Debug|Any CPU.Build.0 = Debug|Any CPU
		{FC359983-C019-4848-BF9E-E34D078F5014}.Release|Any CPU.ActiveCfg = Release|Any CPU
		{FC359983-C019-4848-BF9E-E34D078F5014}.Release|Any CPU.Build.0 = Release|Any CPU
		{956E2F4B-B6CD-41EE-A171-D8F53772DC1A}.Debug|Any CPU.ActiveCfg = Debug|Any CPU
		{956E2F4B-B6CD-41EE-A171-D8F53772DC1A}.Debug|Any CPU.Build.0 = Debug|Any CPU
		{956E2F4B-B6CD-41EE-A171-D8F53772DC1A}.Release|Any CPU.ActiveCfg = Release|Any CPU
		{956E2F4B-B6CD-41EE-A171-D8F53772DC1A}.Release|Any CPU.Build.0 = Release|Any CPU
		{49F141E4-7748-493B-8CE5-4A17464E06C4}.Debug|Any CPU.ActiveCfg = Debug|Any CPU
		{49F141E4-7748-493B-8CE5-4A17464E06C4}.Debug|Any CPU.Build.0 = Debug|Any CPU
		{49F141E4-7748-493B-8CE5-4A17464E06C4}.Release|Any CPU.ActiveCfg = Release|Any CPU
		{49F141E4-7748-493B-8CE5-4A17464E06C4}.Release|Any CPU.Build.0 = Release|Any CPU
		{0F8D4ADF-F1B2-43B9-8645-1CE7DB6F9CCF}.Debug|Any CPU.ActiveCfg = Debug|Any CPU
		{0F8D4ADF-F1B2-43B9-8645-1CE7DB6F9CCF}.Debug|Any CPU.Build.0 = Debug|Any CPU
		{0F8D4ADF-F1B2-43B9-8645-1CE7DB6F9CCF}.Release|Any CPU.ActiveCfg = Release|Any CPU
		{0F8D4ADF-F1B2-43B9-8645-1CE7DB6F9CCF}.Release|Any CPU.Build.0 = Release|Any CPU
	EndGlobalSection
	GlobalSection(SolutionProperties) = preSolution
		HideSolutionNode = FALSE
	EndGlobalSection
	GlobalSection(NestedProjects) = preSolution
		{EEE1F3D3-6491-48CF-9826-637AE538CF01} = {0846CECA-CB2F-44E6-96CB-F3DAEB5AE2BC}
		{CA27429D-B720-44B5-9806-6382EBFB9B3D} = {0846CECA-CB2F-44E6-96CB-F3DAEB5AE2BC}
		{BCA31C16-3E1B-4719-929F-C0F864C92D9F} = {0846CECA-CB2F-44E6-96CB-F3DAEB5AE2BC}
		{0870CE27-F4B6-4B36-8F76-D0C6DD9EE4E1} = {79EC8CD8-9CB1-48BD-9C25-9CC8243FD864}
		{7D773D57-9EA1-4DA2-83DB-CE079BF65A72} = {79EC8CD8-9CB1-48BD-9C25-9CC8243FD864}
		{2DFA697D-4297-462C-BEB1-85D9B405A7AC} = {79EC8CD8-9CB1-48BD-9C25-9CC8243FD864}
		{86A17762-E565-45A1-A33D-DF585C986427} = {79EC8CD8-9CB1-48BD-9C25-9CC8243FD864}
		{FC359983-C019-4848-BF9E-E34D078F5014} = {79EC8CD8-9CB1-48BD-9C25-9CC8243FD864}
		{956E2F4B-B6CD-41EE-A171-D8F53772DC1A} = {54F6C4D7-17DE-4DB2-B492-BF49144E4B7A}
		{49F141E4-7748-493B-8CE5-4A17464E06C4} = {54F6C4D7-17DE-4DB2-B492-BF49144E4B7A}
		{0F8D4ADF-F1B2-43B9-8645-1CE7DB6F9CCF} = {47539641-18D4-4B54-814C-F120C6C6014D}
	EndGlobalSection
	GlobalSection(ExtensibilityGlobals) = postSolution
		SolutionGuid = {AEFC8046-D50E-4961-92CD-5B8F74085054}
	EndGlobalSection
EndGlobal
